// !$*UTF8*$!
{
	archiveVersion = 1;
	classes = {
	};
	objectVersion = 56;
	objects = {

/* Begin PBXBuildFile section */
		03D8891293F9419BA6DF8016 /* Info.plist in Resources */ = {isa = PBXBuildFile; fileRef = CD7926D78C1849538D671F03 /* Info.plist */; };
		4C4014B0909249D2B1F00446 /* ScreenTimeSchedulerApp.swift in Sources */ = {isa = PBXBuildFile; fileRef = AD4174E72D0E4A62B764769D /* ScreenTimeSchedulerApp.swift */; };
		4F82A062A67E46B596602E51 /* Assets.xcassets in Resources */ = {isa = PBXBuildFile; fileRef = BF561B1F3E1B415F9F26C52B /* Assets.xcassets */; };
		5BA56951351140188C93B096 /* Info.plist in Resources */ = {isa = PBXBuildFile; fileRef = 22E16B0F96A944E3AF3C9DA7 /* Info.plist */; };
		5BE1D506AE9A422A8EB9B024 /* Placeholder.swift in Sources */ = {isa = PBXBuildFile; fileRef = 5104A32AB95845B5B00629DB /* Placeholder.swift */; };
		69640FDE57B7498998F01E24 /* Logging.swift in Sources */ = {isa = PBXBuildFile; fileRef = 1999BD2CFC1A40EC9F590B92 /* Logging.swift */; };
		6F28E10A8D4447399BD2BABA /* ContentView.swift in Sources */ = {isa = PBXBuildFile; fileRef = C5C452902C4F4B85998D2FD7 /* ContentView.swift */; };
		7064CA779B094BCEBCF3F828 /* ShieldConfigurationExtension.swift in Sources */ = {isa = PBXBuildFile; fileRef = 4E447121ECF648BD98A9A117 /* ShieldConfigurationExtension.swift */; };
		7D0314A548534BD098BB557E /* ScreenTimeSchedulerApp.swift in Sources */ = {isa = PBXBuildFile; fileRef = 3EC61E12B322401EA720DEB5 /* ScreenTimeSchedulerApp.swift */; };
		87998F1E31C24165B3E95757 /* Assets.xcassets in Resources */ = {isa = PBXBuildFile; fileRef = 939B19C03398490191BAB942 /* Assets.xcassets */; };
		AABB1122CC33DD44EE55FF61 /* TokenStore.swift in Sources */ = {isa = PBXBuildFile; fileRef = AABB1122CC33DD44EE55FF60 /* TokenStore.swift */; };
		AABB1122CC33DD44EE55FF62 /* TokenStore.swift in Sources */ = {isa = PBXBuildFile; fileRef = AABB1122CC33DD44EE55FF60 /* TokenStore.swift */; };
		B38F558FA57F4D6993BD7D8C /* Info.plist in Resources */ = {isa = PBXBuildFile; fileRef = 4E45D5FC5B26458C8F800217 /* Info.plist */; };
		C5809883234A4ACDB43DE2BB /* ShieldActionExtension.swift in Sources */ = {isa = PBXBuildFile; fileRef = 3C73FBF2DBC54D45B6C31D6A /* ShieldActionExtension.swift */; };
		CC33DD44EE55FF66AA11BB22 /* Schedule.swift in Sources */ = {isa = PBXBuildFile; fileRef = AA11BB22CC33DD44EE55FF66 /* Schedule.swift */; };
		CC3815A3150C40A284CF8924 /* DeviceActivityMonitorExtension.swift in Sources */ = {isa = PBXBuildFile; fileRef = D76F601F861147928B04CBA2 /* DeviceActivityMonitorExtension.swift */; };
		D9B714BBA81440AB8A2D9FF2 /* Logging.swift in Sources */ = {isa = PBXBuildFile; fileRef = 1999BD2CFC1A40EC9F590B92 /* Logging.swift */; };
		DD44EE55FF66AA11BB22CC33 /* ScheduleManager.swift in Sources */ = {isa = PBXBuildFile; fileRef = BB22CC33DD44EE55FF66AA11 /* ScheduleManager.swift */; };
		DE34327CE9B249C0B523E4DB /* Placeholder.swift in Sources */ = {isa = PBXBuildFile; fileRef = 5104A32AB95845B5B00629DB /* Placeholder.swift */; };
		EE55FF66AA11BB22CC33DD44 /* Schedule.swift in Sources */ = {isa = PBXBuildFile; fileRef = AA11BB22CC33DD44EE55FF66 /* Schedule.swift */; };
		FBB3363F729D48DD81EDE5D2 /* ContentView.swift in Sources */ = {isa = PBXBuildFile; fileRef = F0B0EE22D9F142138615FC10 /* ContentView.swift */; };
		FF66AA11BB22CC33DD44EE55 /* ScheduleManager.swift in Sources */ = {isa = PBXBuildFile; fileRef = BB22CC33DD44EE55FF66AA11 /* ScheduleManager.swift */; };
		CC11AA22BB33DD44EE55F004 /* CapabilityMatrix.swift in Sources */ = {isa = PBXBuildFile; fileRef = CC11AA22BB33DD44EE55F001 /* CapabilityMatrix.swift */; };
		CC11AA22BB33DD44EE55F005 /* CapabilityProbe.swift in Sources */ = {isa = PBXBuildFile; fileRef = CC11AA22BB33DD44EE55F002 /* CapabilityProbe.swift */; };
		CC11AA22BB33DD44EE55F006 /* CapabilityMatrix.swift in Sources */ = {isa = PBXBuildFile; fileRef = CC11AA22BB33DD44EE55F001 /* CapabilityMatrix.swift */; };
/* End PBXBuildFile section */

/* Begin PBXFileReference section */
		1999BD2CFC1A40EC9F590B92 /* Logging.swift */ = {isa = PBXFileReference; lastKnownFileType = sourcecode.swift; name = Logging.swift; path = Logging.swift; sourceTree = "<group>"; };
		22E16B0F96A944E3AF3C9DA7 /* Info.plist */ = {isa = PBXFileReference; lastKnownFileType = text.plist.xml; name = Info.plist; path = Info.plist; sourceTree = "<group>"; };
		3ACDC1B04EE0458EA96F65B9 /* Info.plist */ = {isa = PBXFileReference; lastKnownFileType = text.plist.xml; name = Info.plist; path = Info.plist; sourceTree = "<group>"; };
		3C73FBF2DBC54D45B6C31D6A /* ShieldActionExtension.swift */ = {isa = PBXFileReference; lastKnownFileType = sourcecode.swift; name = ShieldActionExtension.swift; path = ShieldActionExtension.swift; sourceTree = "<group>"; };
		3DEC2A2D18164F7D87B6F6B0 /* ShieldConfigurationExtension.swift */ = {isa = PBXFileReference; lastKnownFileType = sourcecode.swift; name = ShieldConfigurationExtension.swift; path = ShieldConfigurationExtension.swift; sourceTree = "<group>"; };
		3EC61E12B322401EA720DEB5 /* ScreenTimeSchedulerApp.swift */ = {isa = PBXFileReference; lastKnownFileType = sourcecode.swift; name = ScreenTimeSchedulerApp.swift; path = ScreenTimeSchedulerApp.swift; sourceTree = "<group>"; };
		4659980049C64870B111FADB /* ScreenTimeScheduler.entitlements */ = {isa = PBXFileReference; lastKnownFileType = text.plist.entitlements; name = ScreenTimeScheduler.entitlements; path = ScreenTimeScheduler.entitlements; sourceTree = "<group>"; };
		4E447121ECF648BD98A9A117 /* ShieldConfigurationExtension.swift */ = {isa = PBXFileReference; lastKnownFileType = sourcecode.swift; name = ShieldConfigurationExtension.swift; path = ShieldConfigurationExtension.swift; sourceTree = "<group>"; };
		4E45D5FC5B26458C8F800217 /* Info.plist */ = {isa = PBXFileReference; lastKnownFileType = text.plist.xml; name = Info.plist; path = Info.plist; sourceTree = "<group>"; };
		500276BD97454FEF8AA920CF /* Info.plist */ = {isa = PBXFileReference; lastKnownFileType = text.plist.xml; name = Info.plist; path = Info.plist; sourceTree = "<group>"; };
		5104A32AB95845B5B00629DB /* Placeholder.swift */ = {isa = PBXFileReference; lastKnownFileType = sourcecode.swift; name = Placeholder.swift; path = Placeholder.swift; sourceTree = "<group>"; };
		661AE5A1045043119A6E0522 /* Info.plist */ = {isa = PBXFileReference; lastKnownFileType = text.plist.xml; name = Info.plist; path = Info.plist; sourceTree = "<group>"; };
		6B11F6F58673411CA32A982C /* Info.plist */ = {isa = PBXFileReference; lastKnownFileType = text.plist.xml; name = Info.plist; path = Info.plist; sourceTree = "<group>"; };
		7E013AD321AD4059AE36D179 /* ShieldActionExtension.entitlements */ = {isa = PBXFileReference; lastKnownFileType = text.plist.entitlements; name = ShieldActionExtension.entitlements; path = ShieldActionExtension.entitlements; sourceTree = "<group>"; };
		87F2FC2C2B6F498DABCFC1E9 /* DeviceActivityMonitorExtension.entitlements */ = {isa = PBXFileReference; lastKnownFileType = text.plist.entitlements; name = DeviceActivityMonitorExtension.entitlements; path = DeviceActivityMonitorExtension.entitlements; sourceTree = "<group>"; };
		88E5ACD9028E4918B371F96B /* DeviceActivityMonitorExtension.entitlements */ = {isa = PBXFileReference; lastKnownFileType = text.plist.entitlements; name = DeviceActivityMonitorExtension.entitlements; path = DeviceActivityMonitorExtension.entitlements; sourceTree = "<group>"; };
		8F8E2898DAE94F89A823D065 /* ShieldActionExtension.swift */ = {isa = PBXFileReference; lastKnownFileType = sourcecode.swift; name = ShieldActionExtension.swift; path = ShieldActionExtension.swift; sourceTree = "<group>"; };
		9343B34B0E4B475F86ED37EE /* ScreenTimeSchedulerMac.entitlements */ = {isa = PBXFileReference; lastKnownFileType = text.plist.entitlements; name = ScreenTimeSchedulerMac.entitlements; path = ScreenTimeSchedulerMac.entitlements; sourceTree = "<group>"; };
		939B19C03398490191BAB942 /* Assets.xcassets */ = {isa = PBXFileReference; lastKnownFileType = folder.assetcatalog; name = Assets.xcassets; path = Assets.xcassets; sourceTree = "<group>"; };
		9DAEAEAAC21B46BE83E63A84 /* Info.plist */ = {isa = PBXFileReference; lastKnownFileType = text.plist.xml; name = Info.plist; path = Info.plist; sourceTree = "<group>"; };
		AA11BB22CC33DD44EE55FF66 /* Schedule.swift */ = {isa = PBXFileReference; lastKnownFileType = sourcecode.swift; name = Schedule.swift; path = Schedule.swift; sourceTree = "<group>"; };
		AABB1122CC33DD44EE55FF60 /* TokenStore.swift */ = {isa = PBXFileReference; lastKnownFileType = sourcecode.swift; name = TokenStore.swift; path = TokenStore.swift; sourceTree = "<group>"; };
		AD4174E72D0E4A62B764769D /* ScreenTimeSchedulerApp.swift */ = {isa = PBXFileReference; lastKnownFileType = sourcecode.swift; name = ScreenTimeSchedulerApp.swift; path = ScreenTimeSchedulerApp.swift; sourceTree = "<group>"; };
		B1F063CEC067466F842A8D89 /* DeviceActivityMonitorExtension.swift */ = {isa = PBXFileReference; lastKnownFileType = sourcecode.swift; name = DeviceActivityMonitorExtension.swift; path = DeviceActivityMonitorExtension.swift; sourceTree = "<group>"; };
		BB22CC33DD44EE55FF66AA11 /* ScheduleManager.swift */ = {isa = PBXFileReference; lastKnownFileType = sourcecode.swift; name = ScheduleManager.swift; path = ScheduleManager.swift; sourceTree = "<group>"; };
		BE29BF90BE0C4ADCB2EDAB0A /* ShieldActionExtension.entitlements */ = {isa = PBXFileReference; lastKnownFileType = text.plist.entitlements; name = ShieldActionExtension.entitlements; path = ShieldActionExtension.entitlements; sourceTree = "<group>"; };
		BF561B1F3E1B415F9F26C52B /* Assets.xcassets */ = {isa = PBXFileReference; lastKnownFileType = folder.assetcatalog; name = Assets.xcassets; path = Assets.xcassets; sourceTree = "<group>"; };
		C5C452902C4F4B85998D2FD7 /* ContentView.swift */ = {isa = PBXFileReference; lastKnownFileType = sourcecode.swift; name = ContentView.swift; path = ContentView.swift; sourceTree = "<group>"; };
		CD7926D78C1849538D671F03 /* Info.plist */ = {isa = PBXFileReference; lastKnownFileType = text.plist.xml; name = Info.plist; path = Info.plist; sourceTree = "<group>"; };
		D76F601F861147928B04CBA2 /* DeviceActivityMonitorExtension.swift */ = {isa = PBXFileReference; lastKnownFileType = sourcecode.swift; name = DeviceActivityMonitorExtension.swift; path = DeviceActivityMonitorExtension.swift; sourceTree = "<group>"; };
		DA806227C2854D35B23F4F1C /* ShieldConfigurationExtension.entitlements */ = {isa = PBXFileReference; lastKnownFileType = text.plist.entitlements; name = ShieldConfigurationExtension.entitlements; path = ShieldConfigurationExtension.entitlements; sourceTree = "<group>"; };
		EF1B9B1956704F6BAFE8FC42 /* ShieldConfigurationExtension.entitlements */ = {isa = PBXFileReference; lastKnownFileType = text.plist.entitlements; name = ShieldConfigurationExtension.entitlements; path = ShieldConfigurationExtension.entitlements; sourceTree = "<group>"; };
		F0B0EE22D9F142138615FC10 /* ContentView.swift */ = {isa = PBXFileReference; lastKnownFileType = sourcecode.swift; name = ContentView.swift; path = ContentView.swift; sourceTree = "<group>"; };
		CC11AA22BB33DD44EE55F001 /* CapabilityMatrix.swift */ = {isa = PBXFileReference; lastKnownFileType = sourcecode.swift; name = CapabilityMatrix.swift; path = CapabilityMatrix.swift; sourceTree = "<group>"; };
		CC11AA22BB33DD44EE55F002 /* CapabilityProbe.swift */ = {isa = PBXFileReference; lastKnownFileType = sourcecode.swift; name = CapabilityProbe.swift; path = CapabilityProbe.swift; sourceTree = "<group>"; };
/* End PBXFileReference section */

/* Begin PBXFrameworksBuildPhase section */
		45E0DEC4BD04403DA38CF9BF /* Frameworks */ = {
			isa = PBXFrameworksBuildPhase;
			buildActionMask = 2147483647;
			files = (
			);
			runOnlyForDeploymentPostprocessing = 0;
		};
		71A80CC0E5F54DF5B2DB7ED5 /* Frameworks */ = {
			isa = PBXFrameworksBuildPhase;
			buildActionMask = 2147483647;
			files = (
			);
			runOnlyForDeploymentPostprocessing = 0;
		};
		D41569CEA9F54E06BA76C408 /* Frameworks */ = {
			isa = PBXFrameworksBuildPhase;
			buildActionMask = 2147483647;
			files = (
			);
			runOnlyForDeploymentPostprocessing = 0;
		};
		D46B29C115254F5189214D37 /* Frameworks */ = {
			isa = PBXFrameworksBuildPhase;
			buildActionMask = 2147483647;
			files = (
			);
			runOnlyForDeploymentPostprocessing = 0;
		};
		E53AD137BB7442D0ACB3BEC7 /* Frameworks */ = {
			isa = PBXFrameworksBuildPhase;
			buildActionMask = 2147483647;
			files = (
			);
			runOnlyForDeploymentPostprocessing = 0;
		};
/* End PBXFrameworksBuildPhase section */

/* Begin PBXGroup section */
		02D4F72F83704519808487B3 /* macOS */ = {
			isa = PBXGroup;
			children = (
				3DEC2A2D18164F7D87B6F6B0 /* ShieldConfigurationExtension.swift */,
				9DAEAEAAC21B46BE83E63A84 /* Info.plist */,
				DA806227C2854D35B23F4F1C /* ShieldConfigurationExtension.entitlements */,
			);
			name = macOS;
			path = macOS;
			sourceTree = "<group>";
		};
		0AA704E402AD4F4AB2365E88 /* iOS */ = {
			isa = PBXGroup;
			children = (
				AD4174E72D0E4A62B764769D /* ScreenTimeSchedulerApp.swift */,
				C5C452902C4F4B85998D2FD7 /* ContentView.swift */,
				939B19C03398490191BAB942 /* Assets.xcassets */,
				6B11F6F58673411CA32A982C /* Info.plist */,
				4659980049C64870B111FADB /* ScreenTimeScheduler.entitlements */,
			);
			name = iOS;
			path = iOS;
			sourceTree = "<group>";
		};
		24E7C32632674AC3AFC03DEE /* ScreenTimeScheduler */ = {
			isa = PBXGroup;
			children = (
				BE2808DB548A48048D5A619C /* App */,
				E08F779C0E2C4DF0833D9B6E /* Core */,
				DD54525F6D3A44B1869A0F88 /* Extensions */,
			);
			path = ScreenTimeScheduler;
			sourceTree = "<group>";
		};
		33AEEEBA733B43268D89A464 /* ScreenTimeScheduler */ = {
			isa = PBXGroup;
			children = (
				24E7C32632674AC3AFC03DEE /* ScreenTimeScheduler */,
				F1DC135D192B4463B40CD998 /* Products */,
			);
			name = ScreenTimeScheduler;
			sourceTree = "<group>";
		};
		38E90C3A7E434B61AC90F68A /* iOS */ = {
			isa = PBXGroup;
			children = (
				D76F601F861147928B04CBA2 /* DeviceActivityMonitorExtension.swift */,
				CD7926D78C1849538D671F03 /* Info.plist */,
				88E5ACD9028E4918B371F96B /* DeviceActivityMonitorExtension.entitlements */,
			);
			name = iOS;
			path = iOS;
			sourceTree = "<group>";
		};
		48A751ECFCC54047B1B4B34D /* macOS */ = {
			isa = PBXGroup;
			children = (
				8F8E2898DAE94F89A823D065 /* ShieldActionExtension.swift */,
				661AE5A1045043119A6E0522 /* Info.plist */,
				BE29BF90BE0C4ADCB2EDAB0A /* ShieldActionExtension.entitlements */,
			);
			name = macOS;
			path = macOS;
			sourceTree = "<group>";
		};
		520B4618E04E4B9A8A56FD32 /* ShieldConfigurationExtension */ = {
			isa = PBXGroup;
			children = (
				9203E91186C0479FA75D90EA /* iOS */,
				02D4F72F83704519808487B3 /* macOS */,
			);
			name = ShieldConfigurationExtension;
			path = ShieldConfigurationExtension;
			sourceTree = "<group>";
		};
		6DDB56133FB740528BA98043 /* ShieldActionExtension */ = {
			isa = PBXGroup;
			children = (
				7C18E09E874B45008734294E /* iOS */,
				48A751ECFCC54047B1B4B34D /* macOS */,
			);
			name = ShieldActionExtension;
			path = ShieldActionExtension;
			sourceTree = "<group>";
		};
		7C18E09E874B45008734294E /* iOS */ = {
			isa = PBXGroup;
			children = (
				3C73FBF2DBC54D45B6C31D6A /* ShieldActionExtension.swift */,
				22E16B0F96A944E3AF3C9DA7 /* Info.plist */,
				7E013AD321AD4059AE36D179 /* ShieldActionExtension.entitlements */,
			);
			name = iOS;
			path = iOS;
			sourceTree = "<group>";
		};
		8E06191D08B04C0994AE6EB4 /* macOS */ = {
			isa = PBXGroup;
			children = (
				B1F063CEC067466F842A8D89 /* DeviceActivityMonitorExtension.swift */,
				500276BD97454FEF8AA920CF /* Info.plist */,
				87F2FC2C2B6F498DABCFC1E9 /* DeviceActivityMonitorExtension.entitlements */,
			);
			name = macOS;
			path = macOS;
			sourceTree = "<group>";
		};
		9203E91186C0479FA75D90EA /* iOS */ = {
			isa = PBXGroup;
			children = (
				4E447121ECF648BD98A9A117 /* ShieldConfigurationExtension.swift */,
				4E45D5FC5B26458C8F800217 /* Info.plist */,
				EF1B9B1956704F6BAFE8FC42 /* ShieldConfigurationExtension.entitlements */,
			);
			name = iOS;
			path = iOS;
			sourceTree = "<group>";
		};
		A8ECC54F632F47F88B08A1F5 /* DeviceActivityMonitorExtension */ = {
			isa = PBXGroup;
			children = (
				38E90C3A7E434B61AC90F68A /* iOS */,
				8E06191D08B04C0994AE6EB4 /* macOS */,
			);
			name = DeviceActivityMonitorExtension;
			path = DeviceActivityMonitorExtension;
			sourceTree = "<group>";
		};
		BE2808DB548A48048D5A619C /* App */ = {
			isa = PBXGroup;
			children = (
				0AA704E402AD4F4AB2365E88 /* iOS */,
				E43E6B4078A143039C570986 /* macOS */,
			);
			name = App;
			path = App;
			sourceTree = "<group>";
		};
		DD54525F6D3A44B1869A0F88 /* Extensions */ = {
			isa = PBXGroup;
			children = (
				A8ECC54F632F47F88B08A1F5 /* DeviceActivityMonitorExtension */,
				520B4618E04E4B9A8A56FD32 /* ShieldConfigurationExtension */,
				6DDB56133FB740528BA98043 /* ShieldActionExtension */,
			);
			name = Extensions;
			path = Extensions;
			sourceTree = "<group>";
		};
		E08F779C0E2C4DF0833D9B6E /* Core */ = {
			isa = PBXGroup;
			children = (
				5104A32AB95845B5B00629DB /* Placeholder.swift */,
				1999BD2CFC1A40EC9F590B92 /* Logging.swift */,
				AA11BB22CC33DD44EE55FF66 /* Schedule.swift */,
				BB22CC33DD44EE55FF66AA11 /* ScheduleManager.swift */,
				AABB1122CC33DD44EE55FF60 /* TokenStore.swift */,
				CC11AA22BB33DD44EE55F003 /* Scheduling */,
			);
			name = Core;
			path = Core;
			sourceTree = "<group>";
		};
		CC11AA22BB33DD44EE55F003 /* Scheduling */ = {
			isa = PBXGroup;
			children = (
				CC11AA22BB33DD44EE55F001 /* CapabilityMatrix.swift */,
				CC11AA22BB33DD44EE55F002 /* CapabilityProbe.swift */,
			);
			name = Scheduling;
			path = Scheduling;
			sourceTree = "<group>";
		};
		E43E6B4078A143039C570986 /* macOS */ = {
			isa = PBXGroup;
			children = (
				3EC61E12B322401EA720DEB5 /* ScreenTimeSchedulerApp.swift */,
				F0B0EE22D9F142138615FC10 /* ContentView.swift */,
				BF561B1F3E1B415F9F26C52B /* Assets.xcassets */,
				3ACDC1B04EE0458EA96F65B9 /* Info.plist */,
				9343B34B0E4B475F86ED37EE /* ScreenTimeSchedulerMac.entitlements */,
			);
			name = macOS;
			path = macOS;
			sourceTree = "<group>";
		};
		F1DC135D192B4463B40CD998 /* Products */ = {
			isa = PBXGroup;
			children = (
			);
			name = Products;
			sourceTree = "<group>";
		};
/* End PBXGroup section */

/* Begin PBXNativeTarget section */
		21188159C28E46F4B3CC6B97 /* ShieldActionExtension */ = {
			isa = PBXNativeTarget;
			buildConfigurationList = D4299F0335E4448FA6EF4A22 /* Build configuration list for PBXNativeTarget "ShieldActionExtension" */;
			buildPhases = (
				2C0ECA4EB9C04F7F91A9AC5D /* Sources */,
				56BA27F73C054F8B953A230A /* Resources */,
				D41569CEA9F54E06BA76C408 /* Frameworks */,
			);
			buildRules = (
			);
			dependencies = (
			);
			name = ShieldActionExtension;
			productName = ShieldActionExtension;
			productType = "com.apple.product-type.app-extension";
		};
		735ABB72B9994B179DFB3185 /* DeviceActivityMonitorExtension */ = {
			isa = PBXNativeTarget;
			buildConfigurationList = A02B561E74FF4A778E04E7B5 /* Build configuration list for PBXNativeTarget "DeviceActivityMonitorExtension" */;
			buildPhases = (
				A16A8A8C3F9D4EB89AE88572 /* Sources */,
				32072621C695452E9941C84C /* Resources */,
				E53AD137BB7442D0ACB3BEC7 /* Frameworks */,
			);
			buildRules = (
			);
			dependencies = (
			);
			name = DeviceActivityMonitorExtension;
			productName = DeviceActivityMonitorExtension;
			productType = "com.apple.product-type.app-extension";
		};
		ACC3426BDAE14905A6B796B0 /* ScreenTimeSchedulerMac */ = {
			isa = PBXNativeTarget;
			buildConfigurationList = F2C1FA8D9F14477CB7A11949 /* Build configuration list for PBXNativeTarget "ScreenTimeSchedulerMac" */;
			buildPhases = (
				E5DE830CDDDD49209B21FBB5 /* Sources */,
				5A7733BEB2A74B3F9E49EC58 /* Resources */,
				71A80CC0E5F54DF5B2DB7ED5 /* Frameworks */,
			);
			buildRules = (
			);
			dependencies = (
			);
			name = ScreenTimeSchedulerMac;
			productName = ScreenTimeSchedulerMac;
			productType = "com.apple.product-type.application";
		};
		CB6E30357CC64D93876588AF /* ScreenTimeScheduler */ = {
			isa = PBXNativeTarget;
			buildConfigurationList = 8C68E1E0C8724D99ADE687EC /* Build configuration list for PBXNativeTarget "ScreenTimeScheduler" */;
			buildPhases = (
				FEE797CC14CB4A0083B2B42A /* Sources */,
				9B5C9C83AE0C445FA0AB4EFE /* Resources */,
				45E0DEC4BD04403DA38CF9BF /* Frameworks */,
			);
			buildRules = (
			);
			dependencies = (
			);
			name = ScreenTimeScheduler;
			productName = ScreenTimeScheduler;
			productType = "com.apple.product-type.application";
		};
		D6563399BB704474AF33FA7B /* ShieldConfigurationExtension */ = {
			isa = PBXNativeTarget;
			buildConfigurationList = C0B7945AE83E4A7E847DCD81 /* Build configuration list for PBXNativeTarget "ShieldConfigurationExtension" */;
			buildPhases = (
				2138C097223046F18CA0398A /* Sources */,
				CCEDAB6DE1BA4016B698499A /* Resources */,
				D46B29C115254F5189214D37 /* Frameworks */,
			);
			buildRules = (
			);
			dependencies = (
			);
			name = ShieldConfigurationExtension;
			productName = ShieldConfigurationExtension;
			productType = "com.apple.product-type.app-extension";
		};
/* End PBXNativeTarget section */

/* Begin PBXProject section */
		33700D45D9B847C7A0F6D4B1 /* Project object */ = {
			isa = PBXProject;
			attributes = {
				LastUpgradeCheck = 1500;
				TargetAttributes = {
					21188159C28E46F4B3CC6B97 = {
						CreatedOnToolsVersion = 15.0;
					};
					735ABB72B9994B179DFB3185 = {
						CreatedOnToolsVersion = 15.0;
					};
					ACC3426BDAE14905A6B796B0 = {
						CreatedOnToolsVersion = 15.0;
					};
					CB6E30357CC64D93876588AF = {
						CreatedOnToolsVersion = 15.0;
					};
					D6563399BB704474AF33FA7B = {
						CreatedOnToolsVersion = 15.0;
					};
				};
			};
			buildConfigurationList = 8F7093D7AEBE401CBE149272 /* Build configuration list for PBXProject "ScreenTimeScheduler" */;
			compatibilityVersion = "Xcode 14.0";
			developmentRegion = en;
			hasScannedForEncodings = 0;
			knownRegions = (
				en,
				Base,
			);
			mainGroup = 33AEEEBA733B43268D89A464 /* ScreenTimeScheduler */;
			productRefGroup = F1DC135D192B4463B40CD998 /* Products */;
			projectDirPath = "";
			projectRoot = "";
			targets = (
				CB6E30357CC64D93876588AF /* ScreenTimeScheduler */,
				ACC3426BDAE14905A6B796B0 /* ScreenTimeSchedulerMac */,
				735ABB72B9994B179DFB3185 /* DeviceActivityMonitorExtension */,
				D6563399BB704474AF33FA7B /* ShieldConfigurationExtension */,
				21188159C28E46F4B3CC6B97 /* ShieldActionExtension */,
			);
		};
/* End PBXProject section */

/* Begin PBXResourcesBuildPhase section */
		32072621C695452E9941C84C /* Resources */ = {
			isa = PBXResourcesBuildPhase;
			buildActionMask = 2147483647;
			files = (
				03D8891293F9419BA6DF8016 /* Info.plist in Resources */,
			);
			runOnlyForDeploymentPostprocessing = 0;
		};
		56BA27F73C054F8B953A230A /* Resources */ = {
			isa = PBXResourcesBuildPhase;
			buildActionMask = 2147483647;
			files = (
				5BA56951351140188C93B096 /* Info.plist in Resources */,
			);
			runOnlyForDeploymentPostprocessing = 0;
		};
		5A7733BEB2A74B3F9E49EC58 /* Resources */ = {
			isa = PBXResourcesBuildPhase;
			buildActionMask = 2147483647;
			files = (
				4F82A062A67E46B596602E51 /* Assets.xcassets in Resources */,
			);
			runOnlyForDeploymentPostprocessing = 0;
		};
		9B5C9C83AE0C445FA0AB4EFE /* Resources */ = {
			isa = PBXResourcesBuildPhase;
			buildActionMask = 2147483647;
			files = (
				87998F1E31C24165B3E95757 /* Assets.xcassets in Resources */,
			);
			runOnlyForDeploymentPostprocessing = 0;
		};
		CCEDAB6DE1BA4016B698499A /* Resources */ = {
			isa = PBXResourcesBuildPhase;
			buildActionMask = 2147483647;
			files = (
				B38F558FA57F4D6993BD7D8C /* Info.plist in Resources */,
			);
			runOnlyForDeploymentPostprocessing = 0;
		};
/* End PBXResourcesBuildPhase section */

/* Begin PBXSourcesBuildPhase section */
		2138C097223046F18CA0398A /* Sources */ = {
			isa = PBXSourcesBuildPhase;
			buildActionMask = 2147483647;
			files = (
				7064CA779B094BCEBCF3F828 /* ShieldConfigurationExtension.swift in Sources */,
			);
			runOnlyForDeploymentPostprocessing = 0;
		};
		2C0ECA4EB9C04F7F91A9AC5D /* Sources */ = {
			isa = PBXSourcesBuildPhase;
			buildActionMask = 2147483647;
			files = (
				C5809883234A4ACDB43DE2BB /* ShieldActionExtension.swift in Sources */,
			);
			runOnlyForDeploymentPostprocessing = 0;
		};
		A16A8A8C3F9D4EB89AE88572 /* Sources */ = {
			isa = PBXSourcesBuildPhase;
			buildActionMask = 2147483647;
			files = (
				CC3815A3150C40A284CF8924 /* DeviceActivityMonitorExtension.swift in Sources */,
			);
			runOnlyForDeploymentPostprocessing = 0;
		};
		E5DE830CDDDD49209B21FBB5 /* Sources */ = {
			isa = PBXSourcesBuildPhase;
			buildActionMask = 2147483647;
			files = (
				7D0314A548534BD098BB557E /* ScreenTimeSchedulerApp.swift in Sources */,
				FBB3363F729D48DD81EDE5D2 /* ContentView.swift in Sources */,
				DE34327CE9B249C0B523E4DB /* Placeholder.swift in Sources */,
				69640FDE57B7498998F01E24 /* Logging.swift in Sources */,
				EE55FF66AA11BB22CC33DD44 /* Schedule.swift in Sources */,
				FF66AA11BB22CC33DD44EE55 /* ScheduleManager.swift in Sources */,
				AABB1122CC33DD44EE55FF62 /* TokenStore.swift in Sources */,
				CC11AA22BB33DD44EE55F004 /* CapabilityMatrix.swift in Sources */,
				CC11AA22BB33DD44EE55F005 /* CapabilityProbe.swift in Sources */,
			);
			runOnlyForDeploymentPostprocessing = 0;
		};
		FEE797CC14CB4A0083B2B42A /* Sources */ = {
			isa = PBXSourcesBuildPhase;
			buildActionMask = 2147483647;
			files = (
				4C4014B0909249D2B1F00446 /* ScreenTimeSchedulerApp.swift in Sources */,
				6F28E10A8D4447399BD2BABA /* ContentView.swift in Sources */,
				5BE1D506AE9A422A8EB9B024 /* Placeholder.swift in Sources */,
				D9B714BBA81440AB8A2D9FF2 /* Logging.swift in Sources */,
				CC33DD44EE55FF66AA11BB22 /* Schedule.swift in Sources */,
				DD44EE55FF66AA11BB22CC33 /* ScheduleManager.swift in Sources */,
				AABB1122CC33DD44EE55FF61 /* TokenStore.swift in Sources */,
				CC11AA22BB33DD44EE55F006 /* CapabilityMatrix.swift in Sources */,
			);
			runOnlyForDeploymentPostprocessing = 0;
		};
/* End PBXSourcesBuildPhase section */

/* Begin XCBuildConfiguration section */
		183B9F29FB24408F8F52C9C9 /* Debug */ = {
			isa = XCBuildConfiguration;
			buildSettings = {
				CODE_SIGN_ENTITLEMENTS = ScreenTimeScheduler/Extensions/DeviceActivityMonitorExtension/iOS/DeviceActivityMonitorExtension.entitlements;
				CODE_SIGN_STYLE = Automatic;
				CURRENT_PROJECT_VERSION = 1;
				GENERATE_INFOPLIST_FILE = NO;
				INFOPLIST_FILE = ScreenTimeScheduler/Extensions/DeviceActivityMonitorExtension/iOS/Info.plist;
				IPHONEOS_DEPLOYMENT_TARGET = 16.0;
				MARKETING_VERSION = 1.0;
				PRODUCT_BUNDLE_IDENTIFIER = net.emclain.ScreenScheduler.DeviceActivityMonitorExtension;
				PRODUCT_NAME = DeviceActivityMonitorExtension;
				SDKROOT = iphoneos;
				SKIP_INSTALL = YES;
				SWIFT_VERSION = 5.0;
				TARGETED_DEVICE_FAMILY = "1,2";
			};
			name = Debug;
		};
		1BA687CB813D492DA144B964 /* Debug */ = {
			isa = XCBuildConfiguration;
			buildSettings = {
				CODE_SIGN_ENTITLEMENTS = ScreenTimeScheduler/Extensions/ShieldActionExtension/iOS/ShieldActionExtension.entitlements;
				CODE_SIGN_STYLE = Automatic;
				CURRENT_PROJECT_VERSION = 1;
				GENERATE_INFOPLIST_FILE = NO;
				INFOPLIST_FILE = ScreenTimeScheduler/Extensions/ShieldActionExtension/iOS/Info.plist;
				IPHONEOS_DEPLOYMENT_TARGET = 16.0;
				MARKETING_VERSION = 1.0;
				PRODUCT_BUNDLE_IDENTIFIER = net.emclain.ScreenScheduler.ShieldActionExtension;
				PRODUCT_NAME = ShieldActionExtension;
				SDKROOT = iphoneos;
				SKIP_INSTALL = YES;
				SWIFT_VERSION = 5.0;
				TARGETED_DEVICE_FAMILY = "1,2";
			};
			name = Debug;
		};
		1D0AA8D57BDD4FEF872133C5 /* Release */ = {
			isa = XCBuildConfiguration;
			buildSettings = {
				ALWAYS_SEARCH_USER_PATHS = NO;
				CLANG_ENABLE_MODULES = YES;
				CODE_SIGN_STYLE = Automatic;
				COPY_PHASE_STRIP = NO;
				DEBUG_INFORMATION_FORMAT = "dwarf-with-dsym";
				ENABLE_NS_ASSERTIONS = NO;
				ENABLE_STRICT_OBJC_MSGSEND = YES;
				MTL_ENABLE_DEBUG_INFO = NO;
				SWIFT_COMPILATION_MODE = wholemodule;
				SWIFT_VERSION = 5.0;
				VALIDATE_PRODUCT = YES;
			};
			name = Release;
		};
		4AFF1CF6FCB5440793B2698A /* Release */ = {
			isa = XCBuildConfiguration;
			buildSettings = {
				CODE_SIGN_ENTITLEMENTS = ScreenTimeScheduler/Extensions/ShieldConfigurationExtension/iOS/ShieldConfigurationExtension.entitlements;
				CODE_SIGN_STYLE = Automatic;
				CURRENT_PROJECT_VERSION = 1;
				GENERATE_INFOPLIST_FILE = NO;
				INFOPLIST_FILE = ScreenTimeScheduler/Extensions/ShieldConfigurationExtension/iOS/Info.plist;
				IPHONEOS_DEPLOYMENT_TARGET = 16.0;
				MARKETING_VERSION = 1.0;
				PRODUCT_BUNDLE_IDENTIFIER = net.emclain.ScreenScheduler.ShieldConfigurationExtension;
				PRODUCT_NAME = ShieldConfigurationExtension;
				SDKROOT = iphoneos;
				SKIP_INSTALL = YES;
				SWIFT_VERSION = 5.0;
				TARGETED_DEVICE_FAMILY = "1,2";
			};
			name = Release;
		};
		5EADFE66CAE446E3B9891FDB /* Release */ = {
			isa = XCBuildConfiguration;
			buildSettings = {
				ASSETCATALOG_COMPILER_APPICON_NAME = AppIcon;
				CODE_SIGN_ENTITLEMENTS = ScreenTimeScheduler/App/macOS/ScreenTimeSchedulerMac.entitlements;
				CODE_SIGN_STYLE = Automatic;
				COMBINE_HIDPI_IMAGES = YES;
				CURRENT_PROJECT_VERSION = 1;
				GENERATE_INFOPLIST_FILE = NO;
				INFOPLIST_FILE = ScreenTimeScheduler/App/macOS/Info.plist;
				MACOSX_DEPLOYMENT_TARGET = 13.0;
				MARKETING_VERSION = 1.0;
				PRODUCT_BUNDLE_IDENTIFIER = net.emclain.ScreenScheduler;
				PRODUCT_NAME = ScreenTimeSchedulerMac;
				SDKROOT = macosx;
				SWIFT_EMIT_LOC_STRINGS = YES;
				SWIFT_VERSION = 5.0;
			};
			name = Release;
		};
		63F014C7D2F842B0AB0AAF84 /* Debug */ = {
			isa = XCBuildConfiguration;
			buildSettings = {
				ALWAYS_SEARCH_USER_PATHS = NO;
				CLANG_ENABLE_MODULES = YES;
				CODE_SIGN_STYLE = Automatic;
				COPY_PHASE_STRIP = NO;
				DEBUG_INFORMATION_FORMAT = dwarf;
				ENABLE_STRICT_OBJC_MSGSEND = YES;
				ENABLE_TESTABILITY = YES;
				GCC_DYNAMIC_NO_PIC = NO;
				GCC_OPTIMIZATION_LEVEL = 0;
				GCC_PREPROCESSOR_DEFINITIONS = (
					"DEBUG=1",
					"$(inherited)",
				);
				MTL_ENABLE_DEBUG_INFO = INCLUDE_SOURCE;
				SWIFT_ACTIVE_COMPILATION_CONDITIONS = DEBUG;
				SWIFT_VERSION = 5.0;
			};
			name = Debug;
		};
		933CB1C496924A3A8DFC0061 /* Debug */ = {
			isa = XCBuildConfiguration;
			buildSettings = {
				CODE_SIGN_ENTITLEMENTS = ScreenTimeScheduler/Extensions/ShieldConfigurationExtension/iOS/ShieldConfigurationExtension.entitlements;
				CODE_SIGN_STYLE = Automatic;
				CURRENT_PROJECT_VERSION = 1;
				GENERATE_INFOPLIST_FILE = NO;
				INFOPLIST_FILE = ScreenTimeScheduler/Extensions/ShieldConfigurationExtension/iOS/Info.plist;
				IPHONEOS_DEPLOYMENT_TARGET = 16.0;
				MARKETING_VERSION = 1.0;
				PRODUCT_BUNDLE_IDENTIFIER = net.emclain.ScreenScheduler.ShieldConfigurationExtension;
				PRODUCT_NAME = ShieldConfigurationExtension;
				SDKROOT = iphoneos;
				SKIP_INSTALL = YES;
				SWIFT_VERSION = 5.0;
				TARGETED_DEVICE_FAMILY = "1,2";
			};
			name = Debug;
		};
		B31CD3E89EEE438880A062BC /* Release */ = {
			isa = XCBuildConfiguration;
			buildSettings = {
				CODE_SIGN_ENTITLEMENTS = ScreenTimeScheduler/Extensions/ShieldActionExtension/iOS/ShieldActionExtension.entitlements;
				CODE_SIGN_STYLE = Automatic;
				CURRENT_PROJECT_VERSION = 1;
				GENERATE_INFOPLIST_FILE = NO;
				INFOPLIST_FILE = ScreenTimeScheduler/Extensions/ShieldActionExtension/iOS/Info.plist;
				IPHONEOS_DEPLOYMENT_TARGET = 16.0;
				MARKETING_VERSION = 1.0;
				PRODUCT_BUNDLE_IDENTIFIER = net.emclain.ScreenScheduler.ShieldActionExtension;
				PRODUCT_NAME = ShieldActionExtension;
				SDKROOT = iphoneos;
				SKIP_INSTALL = YES;
				SWIFT_VERSION = 5.0;
				TARGETED_DEVICE_FAMILY = "1,2";
			};
			name = Release;
		};
		B8F4BEB18C6644729E803973 /* Debug */ = {
			isa = XCBuildConfiguration;
			buildSettings = {
				ASSETCATALOG_COMPILER_APPICON_NAME = AppIcon;
				CODE_SIGN_ENTITLEMENTS = ScreenTimeScheduler/App/iOS/ScreenTimeScheduler.entitlements;
				CODE_SIGN_STYLE = Automatic;
				CURRENT_PROJECT_VERSION = 1;
				GENERATE_INFOPLIST_FILE = NO;
				INFOPLIST_FILE = ScreenTimeScheduler/App/iOS/Info.plist;
				IPHONEOS_DEPLOYMENT_TARGET = 16.0;
				MARKETING_VERSION = 1.0;
				PRODUCT_BUNDLE_IDENTIFIER = net.emclain.ScreenScheduler;
				PRODUCT_NAME = "$(TARGET_NAME)";
				SDKROOT = iphoneos;
				SUPPORTS_MACCATALYST = YES;
				SWIFT_EMIT_LOC_STRINGS = YES;
				SWIFT_VERSION = 5.0;
				TARGETED_DEVICE_FAMILY = "1,2";
			};
			name = Debug;
		};
		C8B45F4DBE9E46B8977C6465 /* Debug */ = {
			isa = XCBuildConfiguration;
			buildSettings = {
				ASSETCATALOG_COMPILER_APPICON_NAME = AppIcon;
				CODE_SIGN_ENTITLEMENTS = ScreenTimeScheduler/App/macOS/ScreenTimeSchedulerMac.entitlements;
				CODE_SIGN_STYLE = Automatic;
				COMBINE_HIDPI_IMAGES = YES;
				CURRENT_PROJECT_VERSION = 1;
				GENERATE_INFOPLIST_FILE = NO;
				INFOPLIST_FILE = ScreenTimeScheduler/App/macOS/Info.plist;
				MACOSX_DEPLOYMENT_TARGET = 13.0;
				MARKETING_VERSION = 1.0;
				PRODUCT_BUNDLE_IDENTIFIER = net.emclain.ScreenScheduler;
				PRODUCT_NAME = ScreenTimeSchedulerMac;
				SDKROOT = macosx;
				SWIFT_EMIT_LOC_STRINGS = YES;
				SWIFT_VERSION = 5.0;
			};
			name = Debug;
		};
		CC355C2CBC004D65BCA20E06 /* Release */ = {
			isa = XCBuildConfiguration;
			buildSettings = {
				ASSETCATALOG_COMPILER_APPICON_NAME = AppIcon;
				CODE_SIGN_ENTITLEMENTS = ScreenTimeScheduler/App/iOS/ScreenTimeScheduler.entitlements;
				CODE_SIGN_STYLE = Automatic;
				CURRENT_PROJECT_VERSION = 1;
				GENERATE_INFOPLIST_FILE = NO;
				INFOPLIST_FILE = ScreenTimeScheduler/App/iOS/Info.plist;
				IPHONEOS_DEPLOYMENT_TARGET = 16.0;
				MARKETING_VERSION = 1.0;
				PRODUCT_BUNDLE_IDENTIFIER = net.emclain.ScreenScheduler;
				PRODUCT_NAME = "$(TARGET_NAME)";
				SDKROOT = iphoneos;
				SUPPORTS_MACCATALYST = YES;
				SWIFT_EMIT_LOC_STRINGS = YES;
				SWIFT_VERSION = 5.0;
				TARGETED_DEVICE_FAMILY = "1,2";
			};
			name = Release;
		};
		E91340256B544F5EBAA2B82A /* Release */ = {
			isa = XCBuildConfiguration;
			buildSettings = {
				CODE_SIGN_ENTITLEMENTS = ScreenTimeScheduler/Extensions/DeviceActivityMonitorExtension/iOS/DeviceActivityMonitorExtension.entitlements;
				CODE_SIGN_STYLE = Automatic;
				CURRENT_PROJECT_VERSION = 1;
				GENERATE_INFOPLIST_FILE = NO;
				INFOPLIST_FILE = ScreenTimeScheduler/Extensions/DeviceActivityMonitorExtension/iOS/Info.plist;
				IPHONEOS_DEPLOYMENT_TARGET = 16.0;
				MARKETING_VERSION = 1.0;
				PRODUCT_BUNDLE_IDENTIFIER = net.emclain.ScreenScheduler.DeviceActivityMonitorExtension;
				PRODUCT_NAME = DeviceActivityMonitorExtension;
				SDKROOT = iphoneos;
				SKIP_INSTALL = YES;
				SWIFT_VERSION = 5.0;
				TARGETED_DEVICE_FAMILY = "1,2";
			};
			name = Release;
		};
/* End XCBuildConfiguration section */

/* Begin XCConfigurationList section */
		8C68E1E0C8724D99ADE687EC /* Build configuration list for PBXNativeTarget "ScreenTimeScheduler" */ = {
			isa = XCConfigurationList;
			buildConfigurations = (
				B8F4BEB18C6644729E803973 /* Debug */,
				CC355C2CBC004D65BCA20E06 /* Release */,
			);
			defaultConfigurationIsVisible = 0;
			defaultConfigurationName = Release;
		};
		8F7093D7AEBE401CBE149272 /* Build configuration list for PBXProject "ScreenTimeScheduler" */ = {
			isa = XCConfigurationList;
			buildConfigurations = (
				63F014C7D2F842B0AB0AAF84 /* Debug */,
				1D0AA8D57BDD4FEF872133C5 /* Release */,
			);
			defaultConfigurationIsVisible = 0;
			defaultConfigurationName = Release;
		};
		A02B561E74FF4A778E04E7B5 /* Build configuration list for PBXNativeTarget "DeviceActivityMonitorExtension" */ = {
			isa = XCConfigurationList;
			buildConfigurations = (
				183B9F29FB24408F8F52C9C9 /* Debug */,
				E91340256B544F5EBAA2B82A /* Release */,
			);
			defaultConfigurationIsVisible = 0;
			defaultConfigurationName = Release;
		};
		C0B7945AE83E4A7E847DCD81 /* Build configuration list for PBXNativeTarget "ShieldConfigurationExtension" */ = {
			isa = XCConfigurationList;
			buildConfigurations = (
				933CB1C496924A3A8DFC0061 /* Debug */,
				4AFF1CF6FCB5440793B2698A /* Release */,
			);
			defaultConfigurationIsVisible = 0;
			defaultConfigurationName = Release;
		};
		D4299F0335E4448FA6EF4A22 /* Build configuration list for PBXNativeTarget "ShieldActionExtension" */ = {
			isa = XCConfigurationList;
			buildConfigurations = (
				1BA687CB813D492DA144B964 /* Debug */,
				B31CD3E89EEE438880A062BC /* Release */,
			);
			defaultConfigurationIsVisible = 0;
			defaultConfigurationName = Release;
		};
		F2C1FA8D9F14477CB7A11949 /* Build configuration list for PBXNativeTarget "ScreenTimeSchedulerMac" */ = {
			isa = XCConfigurationList;
			buildConfigurations = (
				C8B45F4DBE9E46B8977C6465 /* Debug */,
				5EADFE66CAE446E3B9891FDB /* Release */,
			);
			defaultConfigurationIsVisible = 0;
			defaultConfigurationName = Release;
		};
/* End XCConfigurationList section */
	};
	rootObject = 33700D45D9B847C7A0F6D4B1 /* Project object */;
}
